// !$*UTF8*$!
{
	archiveVersion = 1;
	classes = {
	};
	objectVersion = 55;
	objects = {

/* Begin PBXBuildFile section */
		2EAE26A5288FD16C00A8B36B /* OwasNlpIntegrationApp.swift in Sources */ = {isa = PBXBuildFile; fileRef = 2EAE26A4288FD16C00A8B36B /* OwasNlpIntegrationApp.swift */; };
		2EAE26A7288FD16C00A8B36B /* ContentView.swift in Sources */ = {isa = PBXBuildFile; fileRef = 2EAE26A6288FD16C00A8B36B /* ContentView.swift */; };
		2EAE26A9288FD16D00A8B36B /* Assets.xcassets in Resources */ = {isa = PBXBuildFile; fileRef = 2EAE26A8288FD16D00A8B36B /* Assets.xcassets */; };
		2EAE26AC288FD16D00A8B36B /* Preview Assets.xcassets in Resources */ = {isa = PBXBuildFile; fileRef = 2EAE26AB288FD16D00A8B36B /* Preview Assets.xcassets */; };
		2EAE26B6288FD16D00A8B36B /* OwasNlpIntegrationTests.swift in Sources */ = {isa = PBXBuildFile; fileRef = 2EAE26B5288FD16D00A8B36B /* OwasNlpIntegrationTests.swift */; };
		2EAE26C0288FD16D00A8B36B /* OwasNlpIntegrationUITests.swift in Sources */ = {isa = PBXBuildFile; fileRef = 2EAE26BF288FD16D00A8B36B /* OwasNlpIntegrationUITests.swift */; };
		2EAE26C2288FD16D00A8B36B /* OwasNlpIntegrationUITestsLaunchTests.swift in Sources */ = {isa = PBXBuildFile; fileRef = 2EAE26C1288FD16D00A8B36B /* OwasNlpIntegrationUITestsLaunchTests.swift */; };
		750F9D9210C71A25B8441152 /* Pods_OwasNlpIntegration.framework in Frameworks */ = {isa = PBXBuildFile; fileRef = 3647906870432D2CB4279670 /* Pods_OwasNlpIntegration.framework */; };
/* End PBXBuildFile section */

/* Begin PBXContainerItemProxy section */
		2EAE26B2288FD16D00A8B36B /* PBXContainerItemProxy */ = {
			isa = PBXContainerItemProxy;
			containerPortal = 2EAE2699288FD16C00A8B36B /* Project object */;
			proxyType = 1;
			remoteGlobalIDString = 2EAE26A0288FD16C00A8B36B;
			remoteInfo = OwasNlpIntegration;
		};
		2EAE26BC288FD16D00A8B36B /* PBXContainerItemProxy */ = {
			isa = PBXContainerItemProxy;
			containerPortal = 2EAE2699288FD16C00A8B36B /* Project object */;
			proxyType = 1;
			remoteGlobalIDString = 2EAE26A0288FD16C00A8B36B;
			remoteInfo = OwasNlpIntegration;
		};
/* End PBXContainerItemProxy section */

/* Begin PBXFileReference section */
		2EAE26A1288FD16C00A8B36B /* OwasNlpIntegration.app */ = {isa = PBXFileReference; explicitFileType = wrapper.application; includeInIndex = 0; path = OwasNlpIntegration.app; sourceTree = BUILT_PRODUCTS_DIR; };
		2EAE26A4288FD16C00A8B36B /* OwasNlpIntegrationApp.swift */ = {isa = PBXFileReference; lastKnownFileType = sourcecode.swift; path = OwasNlpIntegrationApp.swift; sourceTree = "<group>"; };
		2EAE26A6288FD16C00A8B36B /* ContentView.swift */ = {isa = PBXFileReference; lastKnownFileType = sourcecode.swift; path = ContentView.swift; sourceTree = "<group>"; };
		2EAE26A8288FD16D00A8B36B /* Assets.xcassets */ = {isa = PBXFileReference; lastKnownFileType = folder.assetcatalog; path = Assets.xcassets; sourceTree = "<group>"; };
		2EAE26AB288FD16D00A8B36B /* Preview Assets.xcassets */ = {isa = PBXFileReference; lastKnownFileType = folder.assetcatalog; path = "Preview Assets.xcassets"; sourceTree = "<group>"; };
		2EAE26B1288FD16D00A8B36B /* OwasNlpIntegrationTests.xctest */ = {isa = PBXFileReference; explicitFileType = wrapper.cfbundle; includeInIndex = 0; path = OwasNlpIntegrationTests.xctest; sourceTree = BUILT_PRODUCTS_DIR; };
		2EAE26B5288FD16D00A8B36B /* OwasNlpIntegrationTests.swift */ = {isa = PBXFileReference; lastKnownFileType = sourcecode.swift; path = OwasNlpIntegrationTests.swift; sourceTree = "<group>"; };
		2EAE26BB288FD16D00A8B36B /* OwasNlpIntegrationUITests.xctest */ = {isa = PBXFileReference; explicitFileType = wrapper.cfbundle; includeInIndex = 0; path = OwasNlpIntegrationUITests.xctest; sourceTree = BUILT_PRODUCTS_DIR; };
		2EAE26BF288FD16D00A8B36B /* OwasNlpIntegrationUITests.swift */ = {isa = PBXFileReference; lastKnownFileType = sourcecode.swift; path = OwasNlpIntegrationUITests.swift; sourceTree = "<group>"; };
		2EAE26C1288FD16D00A8B36B /* OwasNlpIntegrationUITestsLaunchTests.swift */ = {isa = PBXFileReference; lastKnownFileType = sourcecode.swift; path = OwasNlpIntegrationUITestsLaunchTests.swift; sourceTree = "<group>"; };
		2EAE26CF288FD1A300A8B36B /* OwasNlp.xcframework */ = {isa = PBXFileReference; lastKnownFileType = wrapper.xcframework; name = OwasNlp.xcframework; path = Frameworks/OwasNlp.xcframework; sourceTree = "<group>"; };
		3647906870432D2CB4279670 /* Pods_OwasNlpIntegration.framework */ = {isa = PBXFileReference; explicitFileType = wrapper.framework; includeInIndex = 0; path = Pods_OwasNlpIntegration.framework; sourceTree = BUILT_PRODUCTS_DIR; };
		BA25DEBCA650D7C75111F180 /* Pods-OwasNlpIntegration.release.xcconfig */ = {isa = PBXFileReference; includeInIndex = 1; lastKnownFileType = text.xcconfig; name = "Pods-OwasNlpIntegration.release.xcconfig"; path = "Target Support Files/Pods-OwasNlpIntegration/Pods-OwasNlpIntegration.release.xcconfig"; sourceTree = "<group>"; };
		D83FB19645542BB59454FCC4 /* Pods-OwasNlpIntegration.debug.xcconfig */ = {isa = PBXFileReference; includeInIndex = 1; lastKnownFileType = text.xcconfig; name = "Pods-OwasNlpIntegration.debug.xcconfig"; path = "Target Support Files/Pods-OwasNlpIntegration/Pods-OwasNlpIntegration.debug.xcconfig"; sourceTree = "<group>"; };
/* End PBXFileReference section */

/* Begin PBXFrameworksBuildPhase section */
		2EAE269E288FD16C00A8B36B /* Frameworks */ = {
			isa = PBXFrameworksBuildPhase;
			buildActionMask = 2147483647;
			files = (
				750F9D9210C71A25B8441152 /* Pods_OwasNlpIntegration.framework in Frameworks */,
			);
			runOnlyForDeploymentPostprocessing = 0;
		};
		2EAE26AE288FD16D00A8B36B /* Frameworks */ = {
			isa = PBXFrameworksBuildPhase;
			buildActionMask = 2147483647;
			files = (
			);
			runOnlyForDeploymentPostprocessing = 0;
		};
		2EAE26B8288FD16D00A8B36B /* Frameworks */ = {
			isa = PBXFrameworksBuildPhase;
			buildActionMask = 2147483647;
			files = (
			);
			runOnlyForDeploymentPostprocessing = 0;
		};
/* End PBXFrameworksBuildPhase section */

/* Begin PBXGroup section */
		2EAE2698288FD16C00A8B36B = {
			isa = PBXGroup;
			children = (
				2EAE26A3288FD16C00A8B36B /* OwasNlpIntegration */,
				2EAE26B4288FD16D00A8B36B /* OwasNlpIntegrationTests */,
				2EAE26BE288FD16D00A8B36B /* OwasNlpIntegrationUITests */,
				2EAE26A2288FD16C00A8B36B /* Products */,
				2EAE26CE288FD1A300A8B36B /* Frameworks */,
				E6DE69E05726F8211AA2291C /* Pods */,
			);
			sourceTree = "<group>";
		};
		2EAE26A2288FD16C00A8B36B /* Products */ = {
			isa = PBXGroup;
			children = (
				2EAE26A1288FD16C00A8B36B /* OwasNlpIntegration.app */,
				2EAE26B1288FD16D00A8B36B /* OwasNlpIntegrationTests.xctest */,
				2EAE26BB288FD16D00A8B36B /* OwasNlpIntegrationUITests.xctest */,
			);
			name = Products;
			sourceTree = "<group>";
		};
		2EAE26A3288FD16C00A8B36B /* OwasNlpIntegration */ = {
			isa = PBXGroup;
			children = (
				2EAE26A4288FD16C00A8B36B /* OwasNlpIntegrationApp.swift */,
				2EAE26A6288FD16C00A8B36B /* ContentView.swift */,
				2EAE26A8288FD16D00A8B36B /* Assets.xcassets */,
				2EAE26AA288FD16D00A8B36B /* Preview Content */,
			);
			path = OwasNlpIntegration;
			sourceTree = "<group>";
		};
		2EAE26AA288FD16D00A8B36B /* Preview Content */ = {
			isa = PBXGroup;
			children = (
				2EAE26AB288FD16D00A8B36B /* Preview Assets.xcassets */,
			);
			path = "Preview Content";
			sourceTree = "<group>";
		};
		2EAE26B4288FD16D00A8B36B /* OwasNlpIntegrationTests */ = {
			isa = PBXGroup;
			children = (
				2EAE26B5288FD16D00A8B36B /* OwasNlpIntegrationTests.swift */,
			);
			path = OwasNlpIntegrationTests;
			sourceTree = "<group>";
		};
		2EAE26BE288FD16D00A8B36B /* OwasNlpIntegrationUITests */ = {
			isa = PBXGroup;
			children = (
				2EAE26BF288FD16D00A8B36B /* OwasNlpIntegrationUITests.swift */,
				2EAE26C1288FD16D00A8B36B /* OwasNlpIntegrationUITestsLaunchTests.swift */,
			);
			path = OwasNlpIntegrationUITests;
			sourceTree = "<group>";
		};
		2EAE26CE288FD1A300A8B36B /* Frameworks */ = {
			isa = PBXGroup;
			children = (
				2EAE26CF288FD1A300A8B36B /* OwasNlp.xcframework */,
				3647906870432D2CB4279670 /* Pods_OwasNlpIntegration.framework */,
			);
			name = Frameworks;
			sourceTree = "<group>";
		};
		E6DE69E05726F8211AA2291C /* Pods */ = {
			isa = PBXGroup;
			children = (
				D83FB19645542BB59454FCC4 /* Pods-OwasNlpIntegration.debug.xcconfig */,
				BA25DEBCA650D7C75111F180 /* Pods-OwasNlpIntegration.release.xcconfig */,
			);
			path = Pods;
			sourceTree = "<group>";
		};
/* End PBXGroup section */

/* Begin PBXNativeTarget section */
		2EAE26A0288FD16C00A8B36B /* OwasNlpIntegration */ = {
			isa = PBXNativeTarget;
			buildConfigurationList = 2EAE26C5288FD16D00A8B36B /* Build configuration list for PBXNativeTarget "OwasNlpIntegration" */;
			buildPhases = (
				E2D237DD123EDD1E817AC2AB /* [CP] Check Pods Manifest.lock */,
				2EAE269D288FD16C00A8B36B /* Sources */,
				2EAE269E288FD16C00A8B36B /* Frameworks */,
				2EAE269F288FD16C00A8B36B /* Resources */,
				ECB83EB4B10D4A3DD6D180F4 /* [CP] Embed Pods Frameworks */,
			);
			buildRules = (
			);
			dependencies = (
			);
			name = OwasNlpIntegration;
			productName = OwasNlpIntegration;
			productReference = 2EAE26A1288FD16C00A8B36B /* OwasNlpIntegration.app */;
			productType = "com.apple.product-type.application";
		};
		2EAE26B0288FD16D00A8B36B /* OwasNlpIntegrationTests */ = {
			isa = PBXNativeTarget;
			buildConfigurationList = 2EAE26C8288FD16D00A8B36B /* Build configuration list for PBXNativeTarget "OwasNlpIntegrationTests" */;
			buildPhases = (
				2EAE26AD288FD16D00A8B36B /* Sources */,
				2EAE26AE288FD16D00A8B36B /* Frameworks */,
				2EAE26AF288FD16D00A8B36B /* Resources */,
			);
			buildRules = (
			);
			dependencies = (
				2EAE26B3288FD16D00A8B36B /* PBXTargetDependency */,
			);
			name = OwasNlpIntegrationTests;
			productName = OwasNlpIntegrationTests;
			productReference = 2EAE26B1288FD16D00A8B36B /* OwasNlpIntegrationTests.xctest */;
			productType = "com.apple.product-type.bundle.unit-test";
		};
		2EAE26BA288FD16D00A8B36B /* OwasNlpIntegrationUITests */ = {
			isa = PBXNativeTarget;
			buildConfigurationList = 2EAE26CB288FD16D00A8B36B /* Build configuration list for PBXNativeTarget "OwasNlpIntegrationUITests" */;
			buildPhases = (
				2EAE26B7288FD16D00A8B36B /* Sources */,
				2EAE26B8288FD16D00A8B36B /* Frameworks */,
				2EAE26B9288FD16D00A8B36B /* Resources */,
			);
			buildRules = (
			);
			dependencies = (
				2EAE26BD288FD16D00A8B36B /* PBXTargetDependency */,
			);
			name = OwasNlpIntegrationUITests;
			productName = OwasNlpIntegrationUITests;
			productReference = 2EAE26BB288FD16D00A8B36B /* OwasNlpIntegrationUITests.xctest */;
			productType = "com.apple.product-type.bundle.ui-testing";
		};
/* End PBXNativeTarget section */

/* Begin PBXProject section */
		2EAE2699288FD16C00A8B36B /* Project object */ = {
			isa = PBXProject;
			attributes = {
				BuildIndependentTargetsInParallel = 1;
				LastSwiftUpdateCheck = 1310;
				LastUpgradeCheck = 1310;
				TargetAttributes = {
					2EAE26A0288FD16C00A8B36B = {
						CreatedOnToolsVersion = 13.1;
					};
					2EAE26B0288FD16D00A8B36B = {
						CreatedOnToolsVersion = 13.1;
						TestTargetID = 2EAE26A0288FD16C00A8B36B;
					};
					2EAE26BA288FD16D00A8B36B = {
						CreatedOnToolsVersion = 13.1;
						TestTargetID = 2EAE26A0288FD16C00A8B36B;
					};
				};
			};
			buildConfigurationList = 2EAE269C288FD16C00A8B36B /* Build configuration list for PBXProject "OwasNlpIntegration" */;
			compatibilityVersion = "Xcode 13.0";
			developmentRegion = en;
			hasScannedForEncodings = 0;
			knownRegions = (
				en,
				Base,
			);
			mainGroup = 2EAE2698288FD16C00A8B36B;
			productRefGroup = 2EAE26A2288FD16C00A8B36B /* Products */;
			projectDirPath = "";
			projectRoot = "";
			targets = (
				2EAE26A0288FD16C00A8B36B /* OwasNlpIntegration */,
				2EAE26B0288FD16D00A8B36B /* OwasNlpIntegrationTests */,
				2EAE26BA288FD16D00A8B36B /* OwasNlpIntegrationUITests */,
			);
		};
/* End PBXProject section */

/* Begin PBXResourcesBuildPhase section */
		2EAE269F288FD16C00A8B36B /* Resources */ = {
			isa = PBXResourcesBuildPhase;
			buildActionMask = 2147483647;
			files = (
				2EAE26AC288FD16D00A8B36B /* Preview Assets.xcassets in Resources */,
				2EAE26A9288FD16D00A8B36B /* Assets.xcassets in Resources */,
			);
			runOnlyForDeploymentPostprocessing = 0;
		};
		2EAE26AF288FD16D00A8B36B /* Resources */ = {
			isa = PBXResourcesBuildPhase;
			buildActionMask = 2147483647;
			files = (
			);
			runOnlyForDeploymentPostprocessing = 0;
		};
		2EAE26B9288FD16D00A8B36B /* Resources */ = {
			isa = PBXResourcesBuildPhase;
			buildActionMask = 2147483647;
			files = (
			);
			runOnlyForDeploymentPostprocessing = 0;
		};
/* End PBXResourcesBuildPhase section */

/* Begin PBXShellScriptBuildPhase section */
		E2D237DD123EDD1E817AC2AB /* [CP] Check Pods Manifest.lock */ = {
			isa = PBXShellScriptBuildPhase;
			buildActionMask = 2147483647;
			files = (
			);
			inputFileListPaths = (
			);
			inputPaths = (
				"${PODS_PODFILE_DIR_PATH}/Podfile.lock",
				"${PODS_ROOT}/Manifest.lock",
			);
			name = "[CP] Check Pods Manifest.lock";
			outputFileListPaths = (
			);
			outputPaths = (
				"$(DERIVED_FILE_DIR)/Pods-OwasNlpIntegration-checkManifestLockResult.txt",
			);
			runOnlyForDeploymentPostprocessing = 0;
			shellPath = /bin/sh;
			shellScript = "diff \"${PODS_PODFILE_DIR_PATH}/Podfile.lock\" \"${PODS_ROOT}/Manifest.lock\" > /dev/null\nif [ $? != 0 ] ; then\n    # print error to STDERR\n    echo \"error: The sandbox is not in sync with the Podfile.lock. Run 'pod install' or update your CocoaPods installation.\" >&2\n    exit 1\nfi\n# This output is used by Xcode 'outputs' to avoid re-running this script phase.\necho \"SUCCESS\" > \"${SCRIPT_OUTPUT_FILE_0}\"\n";
			showEnvVarsInLog = 0;
		};
		ECB83EB4B10D4A3DD6D180F4 /* [CP] Embed Pods Frameworks */ = {
			isa = PBXShellScriptBuildPhase;
			buildActionMask = 2147483647;
			files = (
			);
			inputFileListPaths = (
				"${PODS_ROOT}/Target Support Files/Pods-OwasNlpIntegration/Pods-OwasNlpIntegration-frameworks-${CONFIGURATION}-input-files.xcfilelist",
			);
			name = "[CP] Embed Pods Frameworks";
			outputFileListPaths = (
				"${PODS_ROOT}/Target Support Files/Pods-OwasNlpIntegration/Pods-OwasNlpIntegration-frameworks-${CONFIGURATION}-output-files.xcfilelist",
			);
			runOnlyForDeploymentPostprocessing = 0;
			shellPath = /bin/sh;
			shellScript = "\"${PODS_ROOT}/Target Support Files/Pods-OwasNlpIntegration/Pods-OwasNlpIntegration-frameworks.sh\"\n";
			showEnvVarsInLog = 0;
		};
/* End PBXShellScriptBuildPhase section */

/* Begin PBXSourcesBuildPhase section */
		2EAE269D288FD16C00A8B36B /* Sources */ = {
			isa = PBXSourcesBuildPhase;
			buildActionMask = 2147483647;
			files = (
				2EAE26A7288FD16C00A8B36B /* ContentView.swift in Sources */,
				2EAE26A5288FD16C00A8B36B /* OwasNlpIntegrationApp.swift in Sources */,
			);
			runOnlyForDeploymentPostprocessing = 0;
		};
		2EAE26AD288FD16D00A8B36B /* Sources */ = {
			isa = PBXSourcesBuildPhase;
			buildActionMask = 2147483647;
			files = (
				2EAE26B6288FD16D00A8B36B /* OwasNlpIntegrationTests.swift in Sources */,
			);
			runOnlyForDeploymentPostprocessing = 0;
		};
		2EAE26B7288FD16D00A8B36B /* Sources */ = {
			isa = PBXSourcesBuildPhase;
			buildActionMask = 2147483647;
			files = (
				2EAE26C2288FD16D00A8B36B /* OwasNlpIntegrationUITestsLaunchTests.swift in Sources */,
				2EAE26C0288FD16D00A8B36B /* OwasNlpIntegrationUITests.swift in Sources */,
			);
			runOnlyForDeploymentPostprocessing = 0;
		};
/* End PBXSourcesBuildPhase section */

/* Begin PBXTargetDependency section */
		2EAE26B3288FD16D00A8B36B /* PBXTargetDependency */ = {
			isa = PBXTargetDependency;
			target = 2EAE26A0288FD16C00A8B36B /* OwasNlpIntegration */;
			targetProxy = 2EAE26B2288FD16D00A8B36B /* PBXContainerItemProxy */;
		};
		2EAE26BD288FD16D00A8B36B /* PBXTargetDependency */ = {
			isa = PBXTargetDependency;
			target = 2EAE26A0288FD16C00A8B36B /* OwasNlpIntegration */;
			targetProxy = 2EAE26BC288FD16D00A8B36B /* PBXContainerItemProxy */;
		};
/* End PBXTargetDependency section */

/* Begin XCBuildConfiguration section */
		2EAE26C3288FD16D00A8B36B /* Debug */ = {
			isa = XCBuildConfiguration;
			buildSettings = {
				ALWAYS_SEARCH_USER_PATHS = NO;
				CLANG_ANALYZER_NONNULL = YES;
				CLANG_ANALYZER_NUMBER_OBJECT_CONVERSION = YES_AGGRESSIVE;
				CLANG_CXX_LANGUAGE_STANDARD = "gnu++17";
				CLANG_CXX_LIBRARY = "libc++";
				CLANG_ENABLE_MODULES = YES;
				CLANG_ENABLE_OBJC_ARC = YES;
				CLANG_ENABLE_OBJC_WEAK = YES;
				CLANG_WARN_BLOCK_CAPTURE_AUTORELEASING = YES;
				CLANG_WARN_BOOL_CONVERSION = YES;
				CLANG_WARN_COMMA = YES;
				CLANG_WARN_CONSTANT_CONVERSION = YES;
				CLANG_WARN_DEPRECATED_OBJC_IMPLEMENTATIONS = YES;
				CLANG_WARN_DIRECT_OBJC_ISA_USAGE = YES_ERROR;
				CLANG_WARN_DOCUMENTATION_COMMENTS = YES;
				CLANG_WARN_EMPTY_BODY = YES;
				CLANG_WARN_ENUM_CONVERSION = YES;
				CLANG_WARN_INFINITE_RECURSION = YES;
				CLANG_WARN_INT_CONVERSION = YES;
				CLANG_WARN_NON_LITERAL_NULL_CONVERSION = YES;
				CLANG_WARN_OBJC_IMPLICIT_RETAIN_SELF = YES;
				CLANG_WARN_OBJC_LITERAL_CONVERSION = YES;
				CLANG_WARN_OBJC_ROOT_CLASS = YES_ERROR;
				CLANG_WARN_QUOTED_INCLUDE_IN_FRAMEWORK_HEADER = YES;
				CLANG_WARN_RANGE_LOOP_ANALYSIS = YES;
				CLANG_WARN_STRICT_PROTOTYPES = YES;
				CLANG_WARN_SUSPICIOUS_MOVE = YES;
				CLANG_WARN_UNGUARDED_AVAILABILITY = YES_AGGRESSIVE;
				CLANG_WARN_UNREACHABLE_CODE = YES;
				CLANG_WARN__DUPLICATE_METHOD_MATCH = YES;
				COPY_PHASE_STRIP = NO;
				DEBUG_INFORMATION_FORMAT = dwarf;
				ENABLE_STRICT_OBJC_MSGSEND = YES;
				ENABLE_TESTABILITY = YES;
				GCC_C_LANGUAGE_STANDARD = gnu11;
				GCC_DYNAMIC_NO_PIC = NO;
				GCC_NO_COMMON_BLOCKS = YES;
				GCC_OPTIMIZATION_LEVEL = 0;
				GCC_PREPROCESSOR_DEFINITIONS = (
					"DEBUG=1",
					"$(inherited)",
				);
				GCC_WARN_64_TO_32_BIT_CONVERSION = YES;
				GCC_WARN_ABOUT_RETURN_TYPE = YES_ERROR;
				GCC_WARN_UNDECLARED_SELECTOR = YES;
				GCC_WARN_UNINITIALIZED_AUTOS = YES_AGGRESSIVE;
				GCC_WARN_UNUSED_FUNCTION = YES;
				GCC_WARN_UNUSED_VARIABLE = YES;
				IPHONEOS_DEPLOYMENT_TARGET = 15.0;
				MTL_ENABLE_DEBUG_INFO = INCLUDE_SOURCE;
				MTL_FAST_MATH = YES;
				ONLY_ACTIVE_ARCH = YES;
				SDKROOT = iphoneos;
				SWIFT_ACTIVE_COMPILATION_CONDITIONS = DEBUG;
				SWIFT_OPTIMIZATION_LEVEL = "-Onone";
			};
			name = Debug;
		};
		2EAE26C4288FD16D00A8B36B /* Release */ = {
			isa = XCBuildConfiguration;
			buildSettings = {
				ALWAYS_SEARCH_USER_PATHS = NO;
				CLANG_ANALYZER_NONNULL = YES;
				CLANG_ANALYZER_NUMBER_OBJECT_CONVERSION = YES_AGGRESSIVE;
				CLANG_CXX_LANGUAGE_STANDARD = "gnu++17";
				CLANG_CXX_LIBRARY = "libc++";
				CLANG_ENABLE_MODULES = YES;
				CLANG_ENABLE_OBJC_ARC = YES;
				CLANG_ENABLE_OBJC_WEAK = YES;
				CLANG_WARN_BLOCK_CAPTURE_AUTORELEASING = YES;
				CLANG_WARN_BOOL_CONVERSION = YES;
				CLANG_WARN_COMMA = YES;
				CLANG_WARN_CONSTANT_CONVERSION = YES;
				CLANG_WARN_DEPRECATED_OBJC_IMPLEMENTATIONS = YES;
				CLANG_WARN_DIRECT_OBJC_ISA_USAGE = YES_ERROR;
				CLANG_WARN_DOCUMENTATION_COMMENTS = YES;
				CLANG_WARN_EMPTY_BODY = YES;
				CLANG_WARN_ENUM_CONVERSION = YES;
				CLANG_WARN_INFINITE_RECURSION = YES;
				CLANG_WARN_INT_CONVERSION = YES;
				CLANG_WARN_NON_LITERAL_NULL_CONVERSION = YES;
				CLANG_WARN_OBJC_IMPLICIT_RETAIN_SELF = YES;
				CLANG_WARN_OBJC_LITERAL_CONVERSION = YES;
				CLANG_WARN_OBJC_ROOT_CLASS = YES_ERROR;
				CLANG_WARN_QUOTED_INCLUDE_IN_FRAMEWORK_HEADER = YES;
				CLANG_WARN_RANGE_LOOP_ANALYSIS = YES;
				CLANG_WARN_STRICT_PROTOTYPES = YES;
				CLANG_WARN_SUSPICIOUS_MOVE = YES;
				CLANG_WARN_UNGUARDED_AVAILABILITY = YES_AGGRESSIVE;
				CLANG_WARN_UNREACHABLE_CODE = YES;
				CLANG_WARN__DUPLICATE_METHOD_MATCH = YES;
				COPY_PHASE_STRIP = NO;
				DEBUG_INFORMATION_FORMAT = "dwarf-with-dsym";
				ENABLE_NS_ASSERTIONS = NO;
				ENABLE_STRICT_OBJC_MSGSEND = YES;
				GCC_C_LANGUAGE_STANDARD = gnu11;
				GCC_NO_COMMON_BLOCKS = YES;
				GCC_WARN_64_TO_32_BIT_CONVERSION = YES;
				GCC_WARN_ABOUT_RETURN_TYPE = YES_ERROR;
				GCC_WARN_UNDECLARED_SELECTOR = YES;
				GCC_WARN_UNINITIALIZED_AUTOS = YES_AGGRESSIVE;
				GCC_WARN_UNUSED_FUNCTION = YES;
				GCC_WARN_UNUSED_VARIABLE = YES;
				IPHONEOS_DEPLOYMENT_TARGET = 15.0;
				MTL_ENABLE_DEBUG_INFO = NO;
				MTL_FAST_MATH = YES;
				SDKROOT = iphoneos;
				SWIFT_COMPILATION_MODE = wholemodule;
				SWIFT_OPTIMIZATION_LEVEL = "-O";
				VALIDATE_PRODUCT = YES;
			};
			name = Release;
		};
		2EAE26C6288FD16D00A8B36B /* Debug */ = {
			isa = XCBuildConfiguration;
			baseConfigurationReference = D83FB19645542BB59454FCC4 /* Pods-OwasNlpIntegration.debug.xcconfig */;
			buildSettings = {
				ASSETCATALOG_COMPILER_APPICON_NAME = AppIcon;
				ASSETCATALOG_COMPILER_GLOBAL_ACCENT_COLOR_NAME = AccentColor;
				CODE_SIGN_STYLE = Automatic;
				CURRENT_PROJECT_VERSION = 1;
				DEVELOPMENT_ASSET_PATHS = "\"OwasNlpIntegration/Preview Content\"";
				DEVELOPMENT_TEAM = 5R8Z6749JR;
				ENABLE_PREVIEWS = YES;
				GENERATE_INFOPLIST_FILE = YES;
				INFOPLIST_KEY_UIApplicationSceneManifest_Generation = YES;
				INFOPLIST_KEY_UIApplicationSupportsIndirectInputEvents = YES;
				INFOPLIST_KEY_UILaunchScreen_Generation = YES;
				INFOPLIST_KEY_UISupportedInterfaceOrientations_iPad = "UIInterfaceOrientationPortrait UIInterfaceOrientationPortraitUpsideDown UIInterfaceOrientationLandscapeLeft UIInterfaceOrientationLandscapeRight";
				INFOPLIST_KEY_UISupportedInterfaceOrientations_iPhone = "UIInterfaceOrientationPortrait UIInterfaceOrientationLandscapeLeft UIInterfaceOrientationLandscapeRight";
				IPHONEOS_DEPLOYMENT_TARGET = 14.0;
				LD_RUNPATH_SEARCH_PATHS = (
					"$(inherited)",
					"@executable_path/Frameworks",
				);
				MARKETING_VERSION = 1.0;
				PRODUCT_BUNDLE_IDENTIFIER = ch.privately.OwasNlpIntegration;
				PRODUCT_NAME = "$(TARGET_NAME)";
				SWIFT_EMIT_LOC_STRINGS = YES;
				SWIFT_VERSION = 5.0;
				TARGETED_DEVICE_FAMILY = 1;
			};
			name = Debug;
		};
		2EAE26C7288FD16D00A8B36B /* Release */ = {
			isa = XCBuildConfiguration;
			baseConfigurationReference = BA25DEBCA650D7C75111F180 /* Pods-OwasNlpIntegration.release.xcconfig */;
			buildSettings = {
				ASSETCATALOG_COMPILER_APPICON_NAME = AppIcon;
				ASSETCATALOG_COMPILER_GLOBAL_ACCENT_COLOR_NAME = AccentColor;
				CODE_SIGN_STYLE = Automatic;
				CURRENT_PROJECT_VERSION = 1;
				DEVELOPMENT_ASSET_PATHS = "\"OwasNlpIntegration/Preview Content\"";
				DEVELOPMENT_TEAM = 5R8Z6749JR;
				ENABLE_PREVIEWS = YES;
				GENERATE_INFOPLIST_FILE = YES;
				INFOPLIST_KEY_UIApplicationSceneManifest_Generation = YES;
				INFOPLIST_KEY_UIApplicationSupportsIndirectInputEvents = YES;
				INFOPLIST_KEY_UILaunchScreen_Generation = YES;
				INFOPLIST_KEY_UISupportedInterfaceOrientations_iPad = "UIInterfaceOrientationPortrait UIInterfaceOrientationPortraitUpsideDown UIInterfaceOrientationLandscapeLeft UIInterfaceOrientationLandscapeRight";
				INFOPLIST_KEY_UISupportedInterfaceOrientations_iPhone = "UIInterfaceOrientationPortrait UIInterfaceOrientationLandscapeLeft UIInterfaceOrientationLandscapeRight";
				IPHONEOS_DEPLOYMENT_TARGET = 14.0;
				LD_RUNPATH_SEARCH_PATHS = (
					"$(inherited)",
					"@executable_path/Frameworks",
				);
				MARKETING_VERSION = 1.0;
				PRODUCT_BUNDLE_IDENTIFIER = ch.privately.OwasNlpIntegration;
				PRODUCT_NAME = "$(TARGET_NAME)";
				SWIFT_EMIT_LOC_STRINGS = YES;
				SWIFT_VERSION = 5.0;
				TARGETED_DEVICE_FAMILY = 1;
			};
			name = Release;
		};
		2EAE26C9288FD16D00A8B36B /* Debug */ = {
			isa = XCBuildConfiguration;
			buildSettings = {
				ALWAYS_EMBED_SWIFT_STANDARD_LIBRARIES = YES;
				BUNDLE_LOADER = "$(TEST_HOST)";
				CODE_SIGN_STYLE = Automatic;
				CURRENT_PROJECT_VERSION = 1;
				DEVELOPMENT_TEAM = 5R8Z6749JR;
				GENERATE_INFOPLIST_FILE = YES;
				IPHONEOS_DEPLOYMENT_TARGET = 15.0;
				LD_RUNPATH_SEARCH_PATHS = (
					"$(inherited)",
					"@executable_path/Frameworks",
					"@loader_path/Frameworks",
				);
				MARKETING_VERSION = 1.0;
				PRODUCT_BUNDLE_IDENTIFIER = ch.privately.OwasNlpIntegrationTests;
				PRODUCT_NAME = "$(TARGET_NAME)";
				SWIFT_EMIT_LOC_STRINGS = NO;
				SWIFT_VERSION = 5.0;
				TARGETED_DEVICE_FAMILY = "1,2";
				TEST_HOST = "$(BUILT_PRODUCTS_DIR)/OwasNlpIntegration.app/OwasNlpIntegration";
			};
			name = Debug;
		};
		2EAE26CA288FD16D00A8B36B /* Release */ = {
			isa = XCBuildConfiguration;
			buildSettings = {
				ALWAYS_EMBED_SWIFT_STANDARD_LIBRARIES = YES;
				BUNDLE_LOADER = "$(TEST_HOST)";
				CODE_SIGN_STYLE = Automatic;
				CURRENT_PROJECT_VERSION = 1;
				DEVELOPMENT_TEAM = 5R8Z6749JR;
				GENERATE_INFOPLIST_FILE = YES;
				IPHONEOS_DEPLOYMENT_TARGET = 15.0;
				LD_RUNPATH_SEARCH_PATHS = (
					"$(inherited)",
					"@executable_path/Frameworks",
					"@loader_path/Frameworks",
				);
				MARKETING_VERSION = 1.0;
				PRODUCT_BUNDLE_IDENTIFIER = ch.privately.OwasNlpIntegrationTests;
				PRODUCT_NAME = "$(TARGET_NAME)";
				SWIFT_EMIT_LOC_STRINGS = NO;
				SWIFT_VERSION = 5.0;
				TARGETED_DEVICE_FAMILY = "1,2";
				TEST_HOST = "$(BUILT_PRODUCTS_DIR)/OwasNlpIntegration.app/OwasNlpIntegration";
			};
			name = Release;
		};
		2EAE26CC288FD16D00A8B36B /* Debug */ = {
			isa = XCBuildConfiguration;
			buildSettings = {
				ALWAYS_EMBED_SWIFT_STANDARD_LIBRARIES = YES;
				CODE_SIGN_STYLE = Automatic;
				CURRENT_PROJECT_VERSION = 1;
				DEVELOPMENT_TEAM = 5R8Z6749JR;
				GENERATE_INFOPLIST_FILE = YES;
				LD_RUNPATH_SEARCH_PATHS = (
					"$(inherited)",
					"@executable_path/Frameworks",
					"@loader_path/Frameworks",
				);
				MARKETING_VERSION = 1.0;
				PRODUCT_BUNDLE_IDENTIFIER = ch.privately.OwasNlpIntegrationUITests;
				PRODUCT_NAME = "$(TARGET_NAME)";
				SWIFT_EMIT_LOC_STRINGS = NO;
				SWIFT_VERSION = 5.0;
				TARGETED_DEVICE_FAMILY = "1,2";
				TEST_TARGET_NAME = OwasNlpIntegration;
			};
			name = Debug;
		};
		2EAE26CD288FD16D00A8B36B /* Release */ = {
			isa = XCBuildConfiguration;
			buildSettings = {
				ALWAYS_EMBED_SWIFT_STANDARD_LIBRARIES = YES;
				CODE_SIGN_STYLE = Automatic;
				CURRENT_PROJECT_VERSION = 1;
				DEVELOPMENT_TEAM = 5R8Z6749JR;
				GENERATE_INFOPLIST_FILE = YES;
				LD_RUNPATH_SEARCH_PATHS = (
					"$(inherited)",
					"@executable_path/Frameworks",
					"@loader_path/Frameworks",
				);
				MARKETING_VERSION = 1.0;
				PRODUCT_BUNDLE_IDENTIFIER = ch.privately.OwasNlpIntegrationUITests;
				PRODUCT_NAME = "$(TARGET_NAME)";
				SWIFT_EMIT_LOC_STRINGS = NO;
				SWIFT_VERSION = 5.0;
				TARGETED_DEVICE_FAMILY = "1,2";
				TEST_TARGET_NAME = OwasNlpIntegration;
			};
			name = Release;
		};
/* End XCBuildConfiguration section */

/* Begin XCConfigurationList section */
		2EAE269C288FD16C00A8B36B /* Build configuration list for PBXProject "OwasNlpIntegration" */ = {
			isa = XCConfigurationList;
			buildConfigurations = (
				2EAE26C3288FD16D00A8B36B /* Debug */,
				2EAE26C4288FD16D00A8B36B /* Release */,
			);
			defaultConfigurationIsVisible = 0;
			defaultConfigurationName = Release;
		};
		2EAE26C5288FD16D00A8B36B /* Build configuration list for PBXNativeTarget "OwasNlpIntegration" */ = {
			isa = XCConfigurationList;
			buildConfigurations = (
				2EAE26C6288FD16D00A8B36B /* Debug */,
				2EAE26C7288FD16D00A8B36B /* Release */,
			);
			defaultConfigurationIsVisible = 0;
			defaultConfigurationName = Release;
		};
		2EAE26C8288FD16D00A8B36B /* Build configuration list for PBXNativeTarget "OwasNlpIntegrationTests" */ = {
			isa = XCConfigurationList;
			buildConfigurations = (
				2EAE26C9288FD16D00A8B36B /* Debug */,
				2EAE26CA288FD16D00A8B36B /* Release */,
			);
			defaultConfigurationIsVisible = 0;
			defaultConfigurationName = Release;
		};
		2EAE26CB288FD16D00A8B36B /* Build configuration list for PBXNativeTarget "OwasNlpIntegrationUITests" */ = {
			isa = XCConfigurationList;
			buildConfigurations = (
				2EAE26CC288FD16D00A8B36B /* Debug */,
				2EAE26CD288FD16D00A8B36B /* Release */,
			);
			defaultConfigurationIsVisible = 0;
			defaultConfigurationName = Release;
		};
/* End XCConfigurationList section */
	};
	rootObject = 2EAE2699288FD16C00A8B36B /* Project object */;
}
